// !$*UTF8*$!
{
	archiveVersion = 1;
	classes = {
	};
	objectVersion = 77;
	objects = {

/* Begin PBXContainerItemProxy section */
		8B92352B2E5FB19C00BF654A /* PBXContainerItemProxy */ = {
			isa = PBXContainerItemProxy;
			containerPortal = 8BE3583D2E325A3000026B48 /* Project object */;
			proxyType = 1;
			remoteGlobalIDString = 8BE358442E325A3000026B48;
			remoteInfo = KFHGitHubApp;
		};
		8BEEB95B2E5F9F6E002DEF3B /* PBXContainerItemProxy */ = {
			isa = PBXContainerItemProxy;
			containerPortal = 8BE3583D2E325A3000026B48 /* Project object */;
			proxyType = 1;
			remoteGlobalIDString = 8BE358442E325A3000026B48;
			remoteInfo = KFHGitHubApp;
		};
/* End PBXContainerItemProxy section */

/* Begin PBXFileReference section */
		8B9235252E5FB19C00BF654A /* KFHGitHubAppUITests.xctest */ = {isa = PBXFileReference; explicitFileType = wrapper.cfbundle; includeInIndex = 0; path = KFHGitHubAppUITests.xctest; sourceTree = BUILT_PRODUCTS_DIR; };
		8BE358452E325A3000026B48 /* KFHGitHubApp.app */ = {isa = PBXFileReference; explicitFileType = wrapper.application; includeInIndex = 0; path = KFHGitHubApp.app; sourceTree = BUILT_PRODUCTS_DIR; };
		8BE358572E325A3200026B48 /* KFHGitHubAppTests.xctest */ = {isa = PBXFileReference; explicitFileType = wrapper.cfbundle; includeInIndex = 0; path = KFHGitHubAppTests.xctest; sourceTree = BUILT_PRODUCTS_DIR; };
/* End PBXFileReference section */

/* Begin PBXFileSystemSynchronizedBuildFileExceptionSet section */
		8B465B512E5F6745004C95A0 /* Exceptions for "KFHGitHubApp" folder in "KFHGitHubApp" target */ = {
			isa = PBXFileSystemSynchronizedBuildFileExceptionSet;
			membershipExceptions = (
				App/Info.plist,
			);
			target = 8BE358442E325A3000026B48 /* KFHGitHubApp */;
		};
/* End PBXFileSystemSynchronizedBuildFileExceptionSet section */

/* Begin PBXFileSystemSynchronizedRootGroup section */
		8B9235262E5FB19C00BF654A /* KFHGitHubAppUITests */ = {
			isa = PBXFileSystemSynchronizedRootGroup;
			path = KFHGitHubAppUITests;
			sourceTree = "<group>";
		};
		8BE358472E325A3000026B48 /* KFHGitHubApp */ = {
			isa = PBXFileSystemSynchronizedRootGroup;
			exceptions = (
				8B465B512E5F6745004C95A0 /* Exceptions for "KFHGitHubApp" folder in "KFHGitHubApp" target */,
			);
			path = KFHGitHubApp;
			sourceTree = "<group>";
		};
		8BE3585A2E325A3200026B48 /* KFHGitHubAppTests */ = {
			isa = PBXFileSystemSynchronizedRootGroup;
			path = KFHGitHubAppTests;
			sourceTree = "<group>";
		};
/* End PBXFileSystemSynchronizedRootGroup section */

/* Begin PBXFrameworksBuildPhase section */
		8B9235222E5FB19C00BF654A /* Frameworks */ = {
			isa = PBXFrameworksBuildPhase;
			buildActionMask = 2147483647;
			files = (
			);
			runOnlyForDeploymentPostprocessing = 0;
		};
		8BE358422E325A3000026B48 /* Frameworks */ = {
			isa = PBXFrameworksBuildPhase;
			buildActionMask = 2147483647;
			files = (
			);
			runOnlyForDeploymentPostprocessing = 0;
		};
		8BE358542E325A3200026B48 /* Frameworks */ = {
			isa = PBXFrameworksBuildPhase;
			buildActionMask = 2147483647;
			files = (
			);
			runOnlyForDeploymentPostprocessing = 0;
		};
/* End PBXFrameworksBuildPhase section */

/* Begin PBXGroup section */
		8BE3583C2E325A3000026B48 = {
			isa = PBXGroup;
			children = (
				8BE358472E325A3000026B48 /* KFHGitHubApp */,
				8BE3585A2E325A3200026B48 /* KFHGitHubAppTests */,
				8B9235262E5FB19C00BF654A /* KFHGitHubAppUITests */,
				8BE358462E325A3000026B48 /* Products */,
			);
			sourceTree = "<group>";
		};
		8BE358462E325A3000026B48 /* Products */ = {
			isa = PBXGroup;
			children = (
				8BE358452E325A3000026B48 /* KFHGitHubApp.app */,
				8BE358572E325A3200026B48 /* KFHGitHubAppTests.xctest */,
				8B9235252E5FB19C00BF654A /* KFHGitHubAppUITests.xctest */,
			);
			name = Products;
			sourceTree = "<group>";
		};
/* End PBXGroup section */

/* Begin PBXNativeTarget section */
		8B9235242E5FB19C00BF654A /* KFHGitHubAppUITests */ = {
			isa = PBXNativeTarget;
			buildConfigurationList = 8B92352F2E5FB19C00BF654A /* Build configuration list for PBXNativeTarget "KFHGitHubAppUITests" */;
			buildPhases = (
				8B9235212E5FB19C00BF654A /* Sources */,
				8B9235222E5FB19C00BF654A /* Frameworks */,
				8B9235232E5FB19C00BF654A /* Resources */,
			);
			buildRules = (
			);
			dependencies = (
				8B92352C2E5FB19C00BF654A /* PBXTargetDependency */,
			);
			fileSystemSynchronizedGroups = (
				8B9235262E5FB19C00BF654A /* KFHGitHubAppUITests */,
			);
			name = KFHGitHubAppUITests;
			packageProductDependencies = (
			);
			productName = KFHGitHubApppUITests;
			productReference = 8B9235252E5FB19C00BF654A /* KFHGitHubAppUITests.xctest */;
			productType = "com.apple.product-type.bundle.ui-testing";
		};
		8BE358442E325A3000026B48 /* KFHGitHubApp */ = {
			isa = PBXNativeTarget;
			buildConfigurationList = 8BE3586B2E325A3300026B48 /* Build configuration list for PBXNativeTarget "KFHGitHubApp" */;
			buildPhases = (
				8BE358412E325A3000026B48 /* Sources */,
				8BE358422E325A3000026B48 /* Frameworks */,
				8BE358432E325A3000026B48 /* Resources */,
			);
			buildRules = (
			);
			dependencies = (
			);
			fileSystemSynchronizedGroups = (
				8BE358472E325A3000026B48 /* KFHGitHubApp */,
			);
			name = KFHGitHubApp;
			packageProductDependencies = (
			);
			productName = "Around-Egypt";
			productReference = 8BE358452E325A3000026B48 /* KFHGitHubApp.app */;
			productType = "com.apple.product-type.application";
		};
		8BE358562E325A3200026B48 /* KFHGitHubAppTests */ = {
			isa = PBXNativeTarget;
			buildConfigurationList = 8BE3586E2E325A3300026B48 /* Build configuration list for PBXNativeTarget "KFHGitHubAppTests" */;
			buildPhases = (
				8BE358532E325A3200026B48 /* Sources */,
				8BE358542E325A3200026B48 /* Frameworks */,
				8BE358552E325A3200026B48 /* Resources */,
			);
			buildRules = (
			);
			dependencies = (
				8BEEB95C2E5F9F6E002DEF3B /* PBXTargetDependency */,
			);
			fileSystemSynchronizedGroups = (
				8BE3585A2E325A3200026B48 /* KFHGitHubAppTests */,
			);
			name = KFHGitHubAppTests;
			packageProductDependencies = (
			);
			productName = "Around-EgyptTests";
			productReference = 8BE358572E325A3200026B48 /* KFHGitHubAppTests.xctest */;
			productType = "com.apple.product-type.bundle.unit-test";
		};
/* End PBXNativeTarget section */

/* Begin PBXProject section */
		8BE3583D2E325A3000026B48 /* Project object */ = {
			isa = PBXProject;
			attributes = {
				BuildIndependentTargetsInParallel = 1;
				LastSwiftUpdateCheck = 1640;
				LastUpgradeCheck = 1630;
				TargetAttributes = {
					8B9235242E5FB19C00BF654A = {
						CreatedOnToolsVersion = 16.4;
						TestTargetID = 8BE358442E325A3000026B48;
					};
					8BE358442E325A3000026B48 = {
						CreatedOnToolsVersion = 16.3;
					};
					8BE358562E325A3200026B48 = {
						CreatedOnToolsVersion = 16.3;
						TestTargetID = 8BE358442E325A3000026B48;
					};
				};
			};
			buildConfigurationList = 8BE358402E325A3000026B48 /* Build configuration list for PBXProject "KFHGitHubApp" */;
			developmentRegion = en;
			hasScannedForEncodings = 0;
			knownRegions = (
				en,
				Base,
			);
			mainGroup = 8BE3583C2E325A3000026B48;
			minimizedProjectReferenceProxies = 1;
			preferredProjectObjectVersion = 77;
			productRefGroup = 8BE358462E325A3000026B48 /* Products */;
			projectDirPath = "";
			projectRoot = "";
			targets = (
				8BE358442E325A3000026B48 /* KFHGitHubApp */,
				8BE358562E325A3200026B48 /* KFHGitHubAppTests */,
				8B9235242E5FB19C00BF654A /* KFHGitHubAppUITests */,
			);
		};
/* End PBXProject section */

/* Begin PBXResourcesBuildPhase section */
		8B9235232E5FB19C00BF654A /* Resources */ = {
			isa = PBXResourcesBuildPhase;
			buildActionMask = 2147483647;
			files = (
			);
			runOnlyForDeploymentPostprocessing = 0;
		};
		8BE358432E325A3000026B48 /* Resources */ = {
			isa = PBXResourcesBuildPhase;
			buildActionMask = 2147483647;
			files = (
			);
			runOnlyForDeploymentPostprocessing = 0;
		};
		8BE358552E325A3200026B48 /* Resources */ = {
			isa = PBXResourcesBuildPhase;
			buildActionMask = 2147483647;
			files = (
			);
			runOnlyForDeploymentPostprocessing = 0;
		};
/* End PBXResourcesBuildPhase section */

/* Begin PBXSourcesBuildPhase section */
		8B9235212E5FB19C00BF654A /* Sources */ = {
			isa = PBXSourcesBuildPhase;
			buildActionMask = 2147483647;
			files = (
			);
			runOnlyForDeploymentPostprocessing = 0;
		};
		8BE358412E325A3000026B48 /* Sources */ = {
			isa = PBXSourcesBuildPhase;
			buildActionMask = 2147483647;
			files = (
			);
			runOnlyForDeploymentPostprocessing = 0;
		};
		8BE358532E325A3200026B48 /* Sources */ = {
			isa = PBXSourcesBuildPhase;
			buildActionMask = 2147483647;
			files = (
			);
			runOnlyForDeploymentPostprocessing = 0;
		};
/* End PBXSourcesBuildPhase section */

/* Begin PBXTargetDependency section */
		8B92352C2E5FB19C00BF654A /* PBXTargetDependency */ = {
			isa = PBXTargetDependency;
			target = 8BE358442E325A3000026B48 /* KFHGitHubApp */;
			targetProxy = 8B92352B2E5FB19C00BF654A /* PBXContainerItemProxy */;
		};
		8BEEB95C2E5F9F6E002DEF3B /* PBXTargetDependency */ = {
			isa = PBXTargetDependency;
			target = 8BE358442E325A3000026B48 /* KFHGitHubApp */;
			targetProxy = 8BEEB95B2E5F9F6E002DEF3B /* PBXContainerItemProxy */;
		};
/* End PBXTargetDependency section */

/* Begin XCBuildConfiguration section */
		8B92352D2E5FB19C00BF654A /* Debug */ = {
			isa = XCBuildConfiguration;
			buildSettings = {
				CODE_SIGN_STYLE = Automatic;
				CURRENT_PROJECT_VERSION = 1;
				DEVELOPMENT_TEAM = Q9XVX6TNW7;
				GENERATE_INFOPLIST_FILE = YES;
				IPHONEOS_DEPLOYMENT_TARGET = 18.5;
				MARKETING_VERSION = 1.0;
				PRODUCT_BUNDLE_IDENTIFIER = Gado.KFHGitHubApppUITests;
				PRODUCT_NAME = "$(TARGET_NAME)";
				SWIFT_EMIT_LOC_STRINGS = NO;
				SWIFT_VERSION = 5.0;
				TARGETED_DEVICE_FAMILY = "1,2";
				TEST_TARGET_NAME = KFHGitHubApp;
			};
			name = Debug;
		};
		8B92352E2E5FB19C00BF654A /* Release */ = {
			isa = XCBuildConfiguration;
			buildSettings = {
				CODE_SIGN_STYLE = Automatic;
				CURRENT_PROJECT_VERSION = 1;
				DEVELOPMENT_TEAM = Q9XVX6TNW7;
				GENERATE_INFOPLIST_FILE = YES;
				IPHONEOS_DEPLOYMENT_TARGET = 18.5;
				MARKETING_VERSION = 1.0;
				PRODUCT_BUNDLE_IDENTIFIER = Gado.KFHGitHubApppUITests;
				PRODUCT_NAME = "$(TARGET_NAME)";
				SWIFT_EMIT_LOC_STRINGS = NO;
				SWIFT_VERSION = 5.0;
				TARGETED_DEVICE_FAMILY = "1,2";
				TEST_TARGET_NAME = KFHGitHubApp;
			};
			name = Release;
		};
		8BE358692E325A3300026B48 /* Debug */ = {
			isa = XCBuildConfiguration;
			buildSettings = {
				ALWAYS_SEARCH_USER_PATHS = NO;
				ASSETCATALOG_COMPILER_GENERATE_SWIFT_ASSET_SYMBOL_EXTENSIONS = YES;
				CLANG_ANALYZER_NONNULL = YES;
				CLANG_ANALYZER_NUMBER_OBJECT_CONVERSION = YES_AGGRESSIVE;
				CLANG_CXX_LANGUAGE_STANDARD = "gnu++20";
				CLANG_ENABLE_MODULES = YES;
				CLANG_ENABLE_OBJC_ARC = YES;
				CLANG_ENABLE_OBJC_WEAK = YES;
				CLANG_WARN_BLOCK_CAPTURE_AUTORELEASING = YES;
				CLANG_WARN_BOOL_CONVERSION = YES;
				CLANG_WARN_COMMA = YES;
				CLANG_WARN_CONSTANT_CONVERSION = YES;
				CLANG_WARN_DEPRECATED_OBJC_IMPLEMENTATIONS = YES;
				CLANG_WARN_DIRECT_OBJC_ISA_USAGE = YES_ERROR;
				CLANG_WARN_DOCUMENTATION_COMMENTS = YES;
				CLANG_WARN_EMPTY_BODY = YES;
				CLANG_WARN_ENUM_CONVERSION = YES;
				CLANG_WARN_INFINITE_RECURSION = YES;
				CLANG_WARN_INT_CONVERSION = YES;
				CLANG_WARN_NON_LITERAL_NULL_CONVERSION = YES;
				CLANG_WARN_OBJC_IMPLICIT_RETAIN_SELF = YES;
				CLANG_WARN_OBJC_LITERAL_CONVERSION = YES;
				CLANG_WARN_OBJC_ROOT_CLASS = YES_ERROR;
				CLANG_WARN_QUOTED_INCLUDE_IN_FRAMEWORK_HEADER = YES;
				CLANG_WARN_RANGE_LOOP_ANALYSIS = YES;
				CLANG_WARN_STRICT_PROTOTYPES = YES;
				CLANG_WARN_SUSPICIOUS_MOVE = YES;
				CLANG_WARN_UNGUARDED_AVAILABILITY = YES_AGGRESSIVE;
				CLANG_WARN_UNREACHABLE_CODE = YES;
				CLANG_WARN__DUPLICATE_METHOD_MATCH = YES;
				COPY_PHASE_STRIP = NO;
				DEBUG_INFORMATION_FORMAT = dwarf;
				DEVELOPMENT_TEAM = Q9XVX6TNW7;
				ENABLE_STRICT_OBJC_MSGSEND = YES;
				ENABLE_TESTABILITY = YES;
				ENABLE_USER_SCRIPT_SANDBOXING = YES;
				GCC_C_LANGUAGE_STANDARD = gnu17;
				GCC_DYNAMIC_NO_PIC = NO;
				GCC_NO_COMMON_BLOCKS = YES;
				GCC_OPTIMIZATION_LEVEL = 0;
				GCC_PREPROCESSOR_DEFINITIONS = (
					"DEBUG=1",
					"$(inherited)",
				);
				GCC_WARN_64_TO_32_BIT_CONVERSION = YES;
				GCC_WARN_ABOUT_RETURN_TYPE = YES_ERROR;
				GCC_WARN_UNDECLARED_SELECTOR = YES;
				GCC_WARN_UNINITIALIZED_AUTOS = YES_AGGRESSIVE;
				GCC_WARN_UNUSED_FUNCTION = YES;
				GCC_WARN_UNUSED_VARIABLE = YES;
				IPHONEOS_DEPLOYMENT_TARGET = 18.4;
				LOCALIZATION_PREFERS_STRING_CATALOGS = YES;
				MTL_ENABLE_DEBUG_INFO = INCLUDE_SOURCE;
				MTL_FAST_MATH = YES;
				ONLY_ACTIVE_ARCH = YES;
				SDKROOT = iphoneos;
				SWIFT_ACTIVE_COMPILATION_CONDITIONS = "DEBUG $(inherited)";
				SWIFT_OPTIMIZATION_LEVEL = "-Onone";
			};
			name = Debug;
		};
		8BE3586A2E325A3300026B48 /* Release */ = {
			isa = XCBuildConfiguration;
			buildSettings = {
				ALWAYS_SEARCH_USER_PATHS = NO;
				ASSETCATALOG_COMPILER_GENERATE_SWIFT_ASSET_SYMBOL_EXTENSIONS = YES;
				CLANG_ANALYZER_NONNULL = YES;
				CLANG_ANALYZER_NUMBER_OBJECT_CONVERSION = YES_AGGRESSIVE;
				CLANG_CXX_LANGUAGE_STANDARD = "gnu++20";
				CLANG_ENABLE_MODULES = YES;
				CLANG_ENABLE_OBJC_ARC = YES;
				CLANG_ENABLE_OBJC_WEAK = YES;
				CLANG_WARN_BLOCK_CAPTURE_AUTORELEASING = YES;
				CLANG_WARN_BOOL_CONVERSION = YES;
				CLANG_WARN_COMMA = YES;
				CLANG_WARN_CONSTANT_CONVERSION = YES;
				CLANG_WARN_DEPRECATED_OBJC_IMPLEMENTATIONS = YES;
				CLANG_WARN_DIRECT_OBJC_ISA_USAGE = YES_ERROR;
				CLANG_WARN_DOCUMENTATION_COMMENTS = YES;
				CLANG_WARN_EMPTY_BODY = YES;
				CLANG_WARN_ENUM_CONVERSION = YES;
				CLANG_WARN_INFINITE_RECURSION = YES;
				CLANG_WARN_INT_CONVERSION = YES;
				CLANG_WARN_NON_LITERAL_NULL_CONVERSION = YES;
				CLANG_WARN_OBJC_IMPLICIT_RETAIN_SELF = YES;
				CLANG_WARN_OBJC_LITERAL_CONVERSION = YES;
				CLANG_WARN_OBJC_ROOT_CLASS = YES_ERROR;
				CLANG_WARN_QUOTED_INCLUDE_IN_FRAMEWORK_HEADER = YES;
				CLANG_WARN_RANGE_LOOP_ANALYSIS = YES;
				CLANG_WARN_STRICT_PROTOTYPES = YES;
				CLANG_WARN_SUSPICIOUS_MOVE = YES;
				CLANG_WARN_UNGUARDED_AVAILABILITY = YES_AGGRESSIVE;
				CLANG_WARN_UNREACHABLE_CODE = YES;
				CLANG_WARN__DUPLICATE_METHOD_MATCH = YES;
				COPY_PHASE_STRIP = NO;
				DEBUG_INFORMATION_FORMAT = "dwarf-with-dsym";
				DEVELOPMENT_TEAM = Q9XVX6TNW7;
				ENABLE_NS_ASSERTIONS = NO;
				ENABLE_STRICT_OBJC_MSGSEND = YES;
				ENABLE_USER_SCRIPT_SANDBOXING = YES;
				GCC_C_LANGUAGE_STANDARD = gnu17;
				GCC_NO_COMMON_BLOCKS = YES;
				GCC_WARN_64_TO_32_BIT_CONVERSION = YES;
				GCC_WARN_ABOUT_RETURN_TYPE = YES_ERROR;
				GCC_WARN_UNDECLARED_SELECTOR = YES;
				GCC_WARN_UNINITIALIZED_AUTOS = YES_AGGRESSIVE;
				GCC_WARN_UNUSED_FUNCTION = YES;
				GCC_WARN_UNUSED_VARIABLE = YES;
				IPHONEOS_DEPLOYMENT_TARGET = 18.4;
				LOCALIZATION_PREFERS_STRING_CATALOGS = YES;
				MTL_ENABLE_DEBUG_INFO = NO;
				MTL_FAST_MATH = YES;
				SDKROOT = iphoneos;
				SWIFT_COMPILATION_MODE = wholemodule;
				VALIDATE_PRODUCT = YES;
			};
			name = Release;
		};
		8BE3586C2E325A3300026B48 /* Debug */ = {
			isa = XCBuildConfiguration;
			baseConfigurationReferenceAnchor = 8BE358472E325A3000026B48 /* KFHGitHubApp */;
			baseConfigurationReferenceRelativePath = Core/Configuration/Debug.xcconfig;
			buildSettings = {
				ASSETCATALOG_COMPILER_APPICON_NAME = AppIcon;
				ASSETCATALOG_COMPILER_GLOBAL_ACCENT_COLOR_NAME = AccentColor;
				CODE_SIGN_STYLE = Automatic;
				CURRENT_PROJECT_VERSION = 1;
				DEVELOPMENT_TEAM = Q9XVX6TNW7;
				ENABLE_PREVIEWS = YES;
				GENERATE_INFOPLIST_FILE = YES;
				INFOPLIST_FILE = "$(SRCROOT)/KFHGitHubApp/App/Info.plist";
				INFOPLIST_KEY_UIApplicationSceneManifest_Generation = YES;
				INFOPLIST_KEY_UIApplicationSupportsIndirectInputEvents = YES;
				INFOPLIST_KEY_UILaunchScreen_Generation = YES;
				INFOPLIST_KEY_UISupportedInterfaceOrientations_iPad = "UIInterfaceOrientationPortrait UIInterfaceOrientationPortraitUpsideDown UIInterfaceOrientationLandscapeLeft UIInterfaceOrientationLandscapeRight";
				INFOPLIST_KEY_UISupportedInterfaceOrientations_iPhone = "UIInterfaceOrientationPortrait UIInterfaceOrientationLandscapeLeft UIInterfaceOrientationLandscapeRight";
				LD_RUNPATH_SEARCH_PATHS = (
					"$(inherited)",
					"@executable_path/Frameworks",
				);
				MARKETING_VERSION = 1.0;
				PRODUCT_BUNDLE_IDENTIFIER = com.gadolizm.KFHGitHubApp;
				PRODUCT_MODULE_NAME = KFHGitHubApp;
				PRODUCT_NAME = KFHGitHubApp;
				SWIFT_EMIT_LOC_STRINGS = YES;
				SWIFT_VERSION = 5.0;
				TARGETED_DEVICE_FAMILY = "1,2";
			};
			name = Debug;
		};
		8BE3586D2E325A3300026B48 /* Release */ = {
			isa = XCBuildConfiguration;
			baseConfigurationReferenceAnchor = 8BE358472E325A3000026B48 /* KFHGitHubApp */;
			baseConfigurationReferenceRelativePath = Core/Configuration/Release.xcconfig;
			buildSettings = {
				ASSETCATALOG_COMPILER_APPICON_NAME = AppIcon;
				ASSETCATALOG_COMPILER_GLOBAL_ACCENT_COLOR_NAME = AccentColor;
				CODE_SIGN_STYLE = Automatic;
				CURRENT_PROJECT_VERSION = 1;
				DEVELOPMENT_TEAM = Q9XVX6TNW7;
				ENABLE_PREVIEWS = YES;
				GENERATE_INFOPLIST_FILE = YES;
				INFOPLIST_FILE = "$(SRCROOT)/KFHGitHubApp/App/Info.plist";
				INFOPLIST_KEY_UIApplicationSceneManifest_Generation = YES;
				INFOPLIST_KEY_UIApplicationSupportsIndirectInputEvents = YES;
				INFOPLIST_KEY_UILaunchScreen_Generation = YES;
				INFOPLIST_KEY_UISupportedInterfaceOrientations_iPad = "UIInterfaceOrientationPortrait UIInterfaceOrientationPortraitUpsideDown UIInterfaceOrientationLandscapeLeft UIInterfaceOrientationLandscapeRight";
				INFOPLIST_KEY_UISupportedInterfaceOrientations_iPhone = "UIInterfaceOrientationPortrait UIInterfaceOrientationLandscapeLeft UIInterfaceOrientationLandscapeRight";
				LD_RUNPATH_SEARCH_PATHS = (
					"$(inherited)",
					"@executable_path/Frameworks",
				);
				MARKETING_VERSION = 1.0;
				PRODUCT_BUNDLE_IDENTIFIER = com.gadolizm.KFHGitHubApp;
				PRODUCT_MODULE_NAME = KFHGitHubApp;
				PRODUCT_NAME = KFHGitHubApp;
				SWIFT_EMIT_LOC_STRINGS = YES;
				SWIFT_VERSION = 5.0;
				TARGETED_DEVICE_FAMILY = "1,2";
			};
			name = Release;
		};
		8BE3586F2E325A3300026B48 /* Debug */ = {
			isa = XCBuildConfiguration;
			buildSettings = {
				BUNDLE_LOADER = "$(TEST_HOST)";
				CODE_SIGN_STYLE = Automatic;
				CURRENT_PROJECT_VERSION = 1;
				DEVELOPMENT_TEAM = Q9XVX6TNW7;
				"FRAMEWORK_SEARCH_PATHS[arch=*]" = "$(PROJECT_DIR)";
				GENERATE_INFOPLIST_FILE = YES;
				IPHONEOS_DEPLOYMENT_TARGET = 18.4;
				MARKETING_VERSION = 1.0;
				PRODUCT_BUNDLE_IDENTIFIER = com.gadolizm.KFHGitHubAppTests;
				PRODUCT_NAME = "$(TARGET_NAME)";
				SWIFT_EMIT_LOC_STRINGS = NO;
				SWIFT_VERSION = 5.0;
				TARGETED_DEVICE_FAMILY = "1,2";
				TEST_HOST = "$(BUILT_PRODUCTS_DIR)/KFHGitHubApp.app/KFHGitHubApp";
			};
			name = Debug;
		};
		8BE358702E325A3300026B48 /* Release */ = {
			isa = XCBuildConfiguration;
			buildSettings = {
				BUNDLE_LOADER = "$(TEST_HOST)";
				CODE_SIGN_STYLE = Automatic;
				CURRENT_PROJECT_VERSION = 1;
				DEVELOPMENT_TEAM = Q9XVX6TNW7;
				GENERATE_INFOPLIST_FILE = YES;
				IPHONEOS_DEPLOYMENT_TARGET = 18.4;
				MARKETING_VERSION = 1.0;
				PRODUCT_BUNDLE_IDENTIFIER = com.gadolizm.KFHGitHubAppTests;
				PRODUCT_NAME = "$(TARGET_NAME)";
				SWIFT_EMIT_LOC_STRINGS = NO;
				SWIFT_VERSION = 5.0;
				TARGETED_DEVICE_FAMILY = "1,2";
				TEST_HOST = "$(BUILT_PRODUCTS_DIR)/KFHGitHubApp.app/KFHGitHubApp";
			};
			name = Release;
		};
/* End XCBuildConfiguration section */

/* Begin XCConfigurationList section */
		8B92352F2E5FB19C00BF654A /* Build configuration list for PBXNativeTarget "KFHGitHubAppUITests" */ = {
			isa = XCConfigurationList;
			buildConfigurations = (
				8B92352D2E5FB19C00BF654A /* Debug */,
				8B92352E2E5FB19C00BF654A /* Release */,
			);
			defaultConfigurationIsVisible = 0;
			defaultConfigurationName = Debug;
		};
		8BE358402E325A3000026B48 /* Build configuration list for PBXProject "KFHGitHubApp" */ = {
			isa = XCConfigurationList;
			buildConfigurations = (
				8BE358692E325A3300026B48 /* Debug */,
				8BE3586A2E325A3300026B48 /* Release */,
			);
			defaultConfigurationIsVisible = 0;
			defaultConfigurationName = Debug;
		};
		8BE3586B2E325A3300026B48 /* Build configuration list for PBXNativeTarget "KFHGitHubApp" */ = {
			isa = XCConfigurationList;
			buildConfigurations = (
				8BE3586C2E325A3300026B48 /* Debug */,
				8BE3586D2E325A3300026B48 /* Release */,
			);
			defaultConfigurationIsVisible = 0;
			defaultConfigurationName = Debug;
		};
		8BE3586E2E325A3300026B48 /* Build configuration list for PBXNativeTarget "KFHGitHubAppTests" */ = {
			isa = XCConfigurationList;
			buildConfigurations = (
				8BE3586F2E325A3300026B48 /* Debug */,
				8BE358702E325A3300026B48 /* Release */,
			);
			defaultConfigurationIsVisible = 0;
			defaultConfigurationName = Debug;
		};
/* End XCConfigurationList section */
	};
	rootObject = 8BE3583D2E325A3000026B48 /* Project object */;
}
